
Microsoft Visual Studio Solution File, Format Version 12.00
# Visual Studio Version 17
VisualStudioVersion = 17.8.34408.163
MinimumVisualStudioVersion = 10.0.40219.1
Project("{FAE04EC0-301F-11D3-BF4B-00C04F79EFBC}") = "Bilet_Satis", "Bilet_Satis\Bilet_Satis.csproj", "{2C77858B-4BD4-4505-A011-E61EBEC53548}"
EndProject
Global
	GlobalSection(SolutionConfigurationPlatforms) = preSolution
		Debug|Any CPU = Debug|Any CPU
		Release|Any CPU = Release|Any CPU
	EndGlobalSection
	GlobalSection(ProjectConfigurationPlatforms) = postSolution
		{2C77858B-4BD4-4505-A011-E61EBEC53548}.Debug|Any CPU.ActiveCfg = Debug|Any CPU
		{2C77858B-4BD4-4505-A011-E61EBEC53548}.Debug|Any CPU.Build.0 = Debug|Any CPU
		{2C77858B-4BD4-4505-A011-E61EBEC53548}.Release|Any CPU.ActiveCfg = Release|Any CPU
		{2C77858B-4BD4-4505-A011-E61EBEC53548}.Release|Any CPU.Build.0 = Release|Any CPU
	EndGlobalSection
	GlobalSection(SolutionProperties) = preSolution
		HideSolutionNode = FALSE
	EndGlobalSection
	GlobalSection(ExtensibilityGlobals) = postSolution
		SolutionGuid = {3C0A2E3D-7C31-4793-8FCA-2F123F74C052}
	EndGlobalSection
EndGlobal
